{
	"name": "vscode-scheckstyle",
	"version": "0.0.1",
	"lockfileVersion": 1,
	"requires": true,
	"dependencies": {
		"@types/mocha": {
			"version": "2.2.44",
			"resolved": "https://registry.npmjs.org/@types/mocha/-/mocha-2.2.44.tgz",
			"integrity": "sha512-k2tWTQU8G4+iSMvqKi0Q9IIsWAp/n8xzdZS4Q4YVIltApoMA00wFBFdlJnmoaK1/z7B0Cy0yPe6GgXteSmdUNw==",
			"dev": true
		},
		"@types/node": {
			"version": "6.0.92",
			"resolved": "https://registry.npmjs.org/@types/node/-/node-6.0.92.tgz",
			"integrity": "sha512-awEYSSTn7dauwVCYSx2CJaPTu0Z1Ht2oR1b2AD3CYao6ZRb+opb6EL43fzmD7eMFgMHzTBWSUzlWSD+S8xN0Nw==",
			"dev": true
		},
		"@types/xml-parser": {
			"version": "1.2.29",
			"resolved": "https://registry.npmjs.org/@types/xml-parser/-/xml-parser-1.2.29.tgz",
			"integrity": "sha512-l5ID65aPDctN/dZYkDgLOEBuoHrD8S9TyfD5soORUtVHKyOs7Wr66iNxAtcmT/tER1GeYqp51jR6l08gmsRcZg==",
			"dev": true
		},
		"debug": {
			"version": "2.6.9",
			"resolved": "https://registry.npmjs.org/debug/-/debug-2.6.9.tgz",
			"integrity": "sha512-bC7ElrdJaJnPbAP+1EotYvqZsb3ecl5wi6Bfi6BJTUcNowp6cvspg0jXznRTKDjm/E7AdgFBVeAPVMNcKGsHMA==",
			"requires": {
				"ms": "2.0.0"
			}
		},
		"ms": {
			"version": "2.0.0",
			"resolved": "https://registry.npmjs.org/ms/-/ms-2.0.0.tgz",
			"integrity": "sha1-VgiurfwAvmwpAd9fmGF4jeDVl8g="
		},
		"typescript": {
			"version": "2.6.1",
			"resolved": "https://registry.npmjs.org/typescript/-/typescript-2.6.1.tgz",
			"integrity": "sha1-7znN6ierrAtQAkLWcmq5DgyEZjE=",
			"dev": true
		},
		"vscode-uri": {
			"version": "1.0.1",
			"resolved": "https://registry.npmjs.org/vscode-uri/-/vscode-uri-1.0.1.tgz",
			"integrity": "sha1-Eahr7+rDxKo+wIYjZRo8gabQu8g="
		},
		"xml-parser": {
			"version": "1.2.1",
			"resolved": "https://registry.npmjs.org/xml-parser/-/xml-parser-1.2.1.tgz",
			"integrity": "sha1-wx9MNPKXXbgq0BMiISBZJzYVb80=",
			"requires": {
				"debug": "2.6.9"
			}
		}
	}
}
